
Microsoft Visual Studio Solution File, Format Version 12.00
# Visual Studio Version 17
VisualStudioVersion = 17.2.32630.192
MinimumVisualStudioVersion = 10.0.40219.1
Project("{FAE04EC0-301F-11D3-BF4B-00C04F79EFBC}") = "iPortfolioMVC", "iPortfolioMVC\iPortfolioMVC.csproj", "{6A8CC3EB-F93E-4B95-A482-8DBA11F443B7}"
EndProject
Global
	GlobalSection(SolutionConfigurationPlatforms) = preSolution
		Debug|Any CPU = Debug|Any CPU
		Release|Any CPU = Release|Any CPU
	EndGlobalSection
	GlobalSection(ProjectConfigurationPlatforms) = postSolution
		{6A8CC3EB-F93E-4B95-A482-8DBA11F443B7}.Debug|Any CPU.ActiveCfg = Debug|Any CPU
		{6A8CC3EB-F93E-4B95-A482-8DBA11F443B7}.Debug|Any CPU.Build.0 = Debug|Any CPU
		{6A8CC3EB-F93E-4B95-A482-8DBA11F443B7}.Release|Any CPU.ActiveCfg = Release|Any CPU
		{6A8CC3EB-F93E-4B95-A482-8DBA11F443B7}.Release|Any CPU.Build.0 = Release|Any CPU
	EndGlobalSection
	GlobalSection(SolutionProperties) = preSolution
		HideSolutionNode = FALSE
	EndGlobalSection
	GlobalSection(ExtensibilityGlobals) = postSolution
		SolutionGuid = {82EA76A1-21C0-42E4-B8DF-F6D1437941E3}
	EndGlobalSection
EndGlobal
